<?xml version="1.0" encoding="utf-8"?>
<Project ToolsVersion="4.0" xmlns="http://schemas.microsoft.com/developer/msbuild/2003">
  <ItemGroup>
    <Filter Include="Исходные файлы">
      <UniqueIdentifier>{4FC737F1-C7A5-4376-A066-2A32D752A2FF}</UniqueIdentifier>
      <Extensions>cpp;c;cc;cxx;c++;cppm;ixx;def;odl;idl;hpj;bat;asm;asmx</Extensions>
    </Filter>
    <Filter Include="Исходные файлы\src">
      <UniqueIdentifier>{fbaa6e51-fd88-4019-8e2d-eefa3ecea93b}</UniqueIdentifier>
    </Filter>
    <Filter Include="Исходные файлы\include">
      <UniqueIdentifier>{564a5ef4-e884-4d9f-9a19-04dcbdd8b78d}</UniqueIdentifier>
    </Filter>
    <Filter Include="Исходные файлы\tests">
      <UniqueIdentifier>{f958bb5b-31df-4ae8-984e-a87589881bbc}</UniqueIdentifier>
    </Filter>
  </ItemGroup>
  <ItemGroup>
    <ClCompile Include="bubble_sort.cpp">
      <Filter>Исходные файлы\src</Filter>
    </ClCompile>
    <ClCompile Include="exchange_sort.cpp">
      <Filter>Исходные файлы\src</Filter>
    </ClCompile>
    <ClCompile Include="insertion_sort.cpp">
      <Filter>Исходные файлы\src</Filter>
    </ClCompile>
    <ClCompile Include="optimized_bubble_sort.cpp">
      <Filter>Исходные файлы\src</Filter>
    </ClCompile>
    <ClCompile Include="selection_sort.cpp">
      <Filter>Исходные файлы\src</Filter>
    </ClCompile>
    <ClCompile Include="test.cpp">
      <Filter>Исходные файлы\tests</Filter>
    </ClCompile>
    <ClCompile Include="binary_insertion_sort.cpp">
      <Filter>Исходные файлы\src</Filter>
    </ClCompile>
    <ClCompile Include="shaker_sort.cpp">
      <Filter>Исходные файлы\src</Filter>
    </ClCompile>
  </ItemGroup>
  <ItemGroup>
    <ClInclude Include="insertion_sort.h">
      <Filter>Исходные файлы\include</Filter>
    </ClInclude>
    <ClInclude Include="selection_sort.h">
      <Filter>Исходные файлы\include</Filter>
    </ClInclude>
    <ClInclude Include="exchange_sort.h">
      <Filter>Исходные файлы\include</Filter>
    </ClInclude>
    <ClInclude Include="bubble_sort.h">
      <Filter>Исходные файлы\include</Filter>
    </ClInclude>
    <ClInclude Include="optimized_bubble_sort.h">
      <Filter>Исходные файлы\include</Filter>
    </ClInclude>
    <ClInclude Include="binary_insertion_sort.h">
      <Filter>Исходные файлы\include</Filter>
    </ClInclude>
    <ClInclude Include="shaker_sort.h">
      <Filter>Исходные файлы\include</Filter>
    </ClInclude>
  </ItemGroup>
</Project>